
Microsoft Visual Studio Solution File, Format Version 12.00
# Visual Studio Version 17
VisualStudioVersion = 17.0.31903.59
MinimumVisualStudioVersion = 10.0.40219.1
Project("{FAE04EC0-301F-11D3-BF4B-00C04F79EFBC}") = "PSK2025.ApiService", "PSK2025.ApiService\PSK2025.ApiService.csproj", "{931E7380-E1A8-4DA4-87D5-2AFE081C688F}"
EndProject
Project("{FAE04EC0-301F-11D3-BF4B-00C04F79EFBC}") = "PSK2025.AppHost", "PSK2025.AppHost\PSK2025.AppHost.csproj", "{E32E043E-5614-4696-8B04-14687359E744}"
EndProject
Project("{FAE04EC0-301F-11D3-BF4B-00C04F79EFBC}") = "PSK2025.ServiceDefaults", "PSK2025.ServiceDefaults\PSK2025.ServiceDefaults.csproj", "{128D63A5-17A3-4E94-B628-68B3F3ED8614}"
EndProject
Project("{FAE04EC0-301F-11D3-BF4B-00C04F79EFBC}") = "PSK2025.Tests", "PSK2025.Tests\PSK2025.Tests.csproj", "{4C1DFB2D-D131-4A73-BB02-55B879C7AFEA}"
EndProject
Project("{FAE04EC0-301F-11D3-BF4B-00C04F79EFBC}") = "PSK2025.Data", "PSK2025.Data\PSK2025.Data.csproj", "{18402F97-33AA-470A-9C66-6706CF7232D9}"
EndProject
Project("{FAE04EC0-301F-11D3-BF4B-00C04F79EFBC}") = "PSK2025.Models", "PSK2025.Models\PSK2025.Models.csproj", "{9CB2B6E8-7C46-476E-B1F2-20C6ADCF1A7B}"
EndProject
Project("{FAE04EC0-301F-11D3-BF4B-00C04F79EFBC}") = "PSK2025.MigrationService", "PSK2025.MigrationService\PSK2025.MigrationService.csproj", "{76CB4AB4-5CE4-42EF-AFA3-56F4C53196CE}"
EndProject
Global
	GlobalSection(SolutionConfigurationPlatforms) = preSolution
		Debug|Any CPU = Debug|Any CPU
		Debug|x64 = Debug|x64
		Debug|x86 = Debug|x86
		Release|Any CPU = Release|Any CPU
		Release|x64 = Release|x64
		Release|x86 = Release|x86
	EndGlobalSection
	GlobalSection(ProjectConfigurationPlatforms) = postSolution
		{931E7380-E1A8-4DA4-87D5-2AFE081C688F}.Debug|Any CPU.ActiveCfg = Debug|Any CPU
		{931E7380-E1A8-4DA4-87D5-2AFE081C688F}.Debug|Any CPU.Build.0 = Debug|Any CPU
		{931E7380-E1A8-4DA4-87D5-2AFE081C688F}.Debug|x64.ActiveCfg = Debug|Any CPU
		{931E7380-E1A8-4DA4-87D5-2AFE081C688F}.Debug|x64.Build.0 = Debug|Any CPU
		{931E7380-E1A8-4DA4-87D5-2AFE081C688F}.Debug|x86.ActiveCfg = Debug|Any CPU
		{931E7380-E1A8-4DA4-87D5-2AFE081C688F}.Debug|x86.Build.0 = Debug|Any CPU
		{931E7380-E1A8-4DA4-87D5-2AFE081C688F}.Release|Any CPU.ActiveCfg = Release|Any CPU
		{931E7380-E1A8-4DA4-87D5-2AFE081C688F}.Release|Any CPU.Build.0 = Release|Any CPU
		{931E7380-E1A8-4DA4-87D5-2AFE081C688F}.Release|x64.ActiveCfg = Release|Any CPU
		{931E7380-E1A8-4DA4-87D5-2AFE081C688F}.Release|x64.Build.0 = Release|Any CPU
		{931E7380-E1A8-4DA4-87D5-2AFE081C688F}.Release|x86.ActiveCfg = Release|Any CPU
		{931E7380-E1A8-4DA4-87D5-2AFE081C688F}.Release|x86.Build.0 = Release|Any CPU
		{E32E043E-5614-4696-8B04-14687359E744}.Debug|Any CPU.ActiveCfg = Debug|Any CPU
		{E32E043E-5614-4696-8B04-14687359E744}.Debug|Any CPU.Build.0 = Debug|Any CPU
		{E32E043E-5614-4696-8B04-14687359E744}.Debug|x64.ActiveCfg = Debug|Any CPU
		{E32E043E-5614-4696-8B04-14687359E744}.Debug|x64.Build.0 = Debug|Any CPU
		{E32E043E-5614-4696-8B04-14687359E744}.Debug|x86.ActiveCfg = Debug|Any CPU
		{E32E043E-5614-4696-8B04-14687359E744}.Debug|x86.Build.0 = Debug|Any CPU
		{E32E043E-5614-4696-8B04-14687359E744}.Release|Any CPU.ActiveCfg = Release|Any CPU
		{E32E043E-5614-4696-8B04-14687359E744}.Release|Any CPU.Build.0 = Release|Any CPU
		{E32E043E-5614-4696-8B04-14687359E744}.Release|x64.ActiveCfg = Release|Any CPU
		{E32E043E-5614-4696-8B04-14687359E744}.Release|x64.Build.0 = Release|Any CPU
		{E32E043E-5614-4696-8B04-14687359E744}.Release|x86.ActiveCfg = Release|Any CPU
		{E32E043E-5614-4696-8B04-14687359E744}.Release|x86.Build.0 = Release|Any CPU
		{128D63A5-17A3-4E94-B628-68B3F3ED8614}.Debug|Any CPU.ActiveCfg = Debug|Any CPU
		{128D63A5-17A3-4E94-B628-68B3F3ED8614}.Debug|Any CPU.Build.0 = Debug|Any CPU
		{128D63A5-17A3-4E94-B628-68B3F3ED8614}.Debug|x64.ActiveCfg = Debug|Any CPU
		{128D63A5-17A3-4E94-B628-68B3F3ED8614}.Debug|x64.Build.0 = Debug|Any CPU
		{128D63A5-17A3-4E94-B628-68B3F3ED8614}.Debug|x86.ActiveCfg = Debug|Any CPU
		{128D63A5-17A3-4E94-B628-68B3F3ED8614}.Debug|x86.Build.0 = Debug|Any CPU
		{128D63A5-17A3-4E94-B628-68B3F3ED8614}.Release|Any CPU.ActiveCfg = Release|Any CPU
		{128D63A5-17A3-4E94-B628-68B3F3ED8614}.Release|Any CPU.Build.0 = Release|Any CPU
		{128D63A5-17A3-4E94-B628-68B3F3ED8614}.Release|x64.ActiveCfg = Release|Any CPU
		{128D63A5-17A3-4E94-B628-68B3F3ED8614}.Release|x64.Build.0 = Release|Any CPU
		{128D63A5-17A3-4E94-B628-68B3F3ED8614}.Release|x86.ActiveCfg = Release|Any CPU
		{128D63A5-17A3-4E94-B628-68B3F3ED8614}.Release|x86.Build.0 = Release|Any CPU
		{4C1DFB2D-D131-4A73-BB02-55B879C7AFEA}.Debug|Any CPU.ActiveCfg = Debug|Any CPU
		{4C1DFB2D-D131-4A73-BB02-55B879C7AFEA}.Debug|Any CPU.Build.0 = Debug|Any CPU
		{4C1DFB2D-D131-4A73-BB02-55B879C7AFEA}.Debug|x64.ActiveCfg = Debug|Any CPU
		{4C1DFB2D-D131-4A73-BB02-55B879C7AFEA}.Debug|x64.Build.0 = Debug|Any CPU
		{4C1DFB2D-D131-4A73-BB02-55B879C7AFEA}.Debug|x86.ActiveCfg = Debug|Any CPU
		{4C1DFB2D-D131-4A73-BB02-55B879C7AFEA}.Debug|x86.Build.0 = Debug|Any CPU
		{4C1DFB2D-D131-4A73-BB02-55B879C7AFEA}.Release|Any CPU.ActiveCfg = Release|Any CPU
		{4C1DFB2D-D131-4A73-BB02-55B879C7AFEA}.Release|Any CPU.Build.0 = Release|Any CPU
		{4C1DFB2D-D131-4A73-BB02-55B879C7AFEA}.Release|x64.ActiveCfg = Release|Any CPU
		{4C1DFB2D-D131-4A73-BB02-55B879C7AFEA}.Release|x64.Build.0 = Release|Any CPU
		{4C1DFB2D-D131-4A73-BB02-55B879C7AFEA}.Release|x86.ActiveCfg = Release|Any CPU
		{4C1DFB2D-D131-4A73-BB02-55B879C7AFEA}.Release|x86.Build.0 = Release|Any CPU
		{18402F97-33AA-470A-9C66-6706CF7232D9}.Debug|Any CPU.ActiveCfg = Debug|Any CPU
		{18402F97-33AA-470A-9C66-6706CF7232D9}.Debug|Any CPU.Build.0 = Debug|Any CPU
		{18402F97-33AA-470A-9C66-6706CF7232D9}.Debug|x64.ActiveCfg = Debug|Any CPU
		{18402F97-33AA-470A-9C66-6706CF7232D9}.Debug|x64.Build.0 = Debug|Any CPU
		{18402F97-33AA-470A-9C66-6706CF7232D9}.Debug|x86.ActiveCfg = Debug|Any CPU
		{18402F97-33AA-470A-9C66-6706CF7232D9}.Debug|x86.Build.0 = Debug|Any CPU
		{18402F97-33AA-470A-9C66-6706CF7232D9}.Release|Any CPU.ActiveCfg = Release|Any CPU
		{18402F97-33AA-470A-9C66-6706CF7232D9}.Release|Any CPU.Build.0 = Release|Any CPU
		{18402F97-33AA-470A-9C66-6706CF7232D9}.Release|x64.ActiveCfg = Release|Any CPU
		{18402F97-33AA-470A-9C66-6706CF7232D9}.Release|x64.Build.0 = Release|Any CPU
		{18402F97-33AA-470A-9C66-6706CF7232D9}.Release|x86.ActiveCfg = Release|Any CPU
		{18402F97-33AA-470A-9C66-6706CF7232D9}.Release|x86.Build.0 = Release|Any CPU
		{9CB2B6E8-7C46-476E-B1F2-20C6ADCF1A7B}.Debug|Any CPU.ActiveCfg = Debug|Any CPU
		{9CB2B6E8-7C46-476E-B1F2-20C6ADCF1A7B}.Debug|Any CPU.Build.0 = Debug|Any CPU
		{9CB2B6E8-7C46-476E-B1F2-20C6ADCF1A7B}.Debug|x64.ActiveCfg = Debug|Any CPU
		{9CB2B6E8-7C46-476E-B1F2-20C6ADCF1A7B}.Debug|x64.Build.0 = Debug|Any CPU
		{9CB2B6E8-7C46-476E-B1F2-20C6ADCF1A7B}.Debug|x86.ActiveCfg = Debug|Any CPU
		{9CB2B6E8-7C46-476E-B1F2-20C6ADCF1A7B}.Debug|x86.Build.0 = Debug|Any CPU
		{9CB2B6E8-7C46-476E-B1F2-20C6ADCF1A7B}.Release|Any CPU.ActiveCfg = Release|Any CPU
		{9CB2B6E8-7C46-476E-B1F2-20C6ADCF1A7B}.Release|Any CPU.Build.0 = Release|Any CPU
		{9CB2B6E8-7C46-476E-B1F2-20C6ADCF1A7B}.Release|x64.ActiveCfg = Release|Any CPU
		{9CB2B6E8-7C46-476E-B1F2-20C6ADCF1A7B}.Release|x64.Build.0 = Release|Any CPU
		{9CB2B6E8-7C46-476E-B1F2-20C6ADCF1A7B}.Release|x86.ActiveCfg = Release|Any CPU
		{9CB2B6E8-7C46-476E-B1F2-20C6ADCF1A7B}.Release|x86.Build.0 = Release|Any CPU
		{76CB4AB4-5CE4-42EF-AFA3-56F4C53196CE}.Debug|Any CPU.ActiveCfg = Debug|Any CPU
		{76CB4AB4-5CE4-42EF-AFA3-56F4C53196CE}.Debug|Any CPU.Build.0 = Debug|Any CPU
		{76CB4AB4-5CE4-42EF-AFA3-56F4C53196CE}.Debug|x64.ActiveCfg = Debug|Any CPU
		{76CB4AB4-5CE4-42EF-AFA3-56F4C53196CE}.Debug|x64.Build.0 = Debug|Any CPU
		{76CB4AB4-5CE4-42EF-AFA3-56F4C53196CE}.Debug|x86.ActiveCfg = Debug|Any CPU
		{76CB4AB4-5CE4-42EF-AFA3-56F4C53196CE}.Debug|x86.Build.0 = Debug|Any CPU
		{76CB4AB4-5CE4-42EF-AFA3-56F4C53196CE}.Release|Any CPU.ActiveCfg = Release|Any CPU
		{76CB4AB4-5CE4-42EF-AFA3-56F4C53196CE}.Release|Any CPU.Build.0 = Release|Any CPU
		{76CB4AB4-5CE4-42EF-AFA3-56F4C53196CE}.Release|x64.ActiveCfg = Release|Any CPU
		{76CB4AB4-5CE4-42EF-AFA3-56F4C53196CE}.Release|x64.Build.0 = Release|Any CPU
		{76CB4AB4-5CE4-42EF-AFA3-56F4C53196CE}.Release|x86.ActiveCfg = Release|Any CPU
		{76CB4AB4-5CE4-42EF-AFA3-56F4C53196CE}.Release|x86.Build.0 = Release|Any CPU
	EndGlobalSection
	GlobalSection(SolutionProperties) = preSolution
		HideSolutionNode = FALSE
	EndGlobalSection
EndGlobal
